
Microsoft Visual Studio Solution File, Format Version 12.00
# Visual Studio Version 16
VisualStudioVersion = 16.0.30804.86
MinimumVisualStudioVersion = 10.0.40219.1
Project("{FAE04EC0-301F-11D3-BF4B-00C04F79EFBC}") = "PirateSpeak", "PirateSpeak\PirateSpeak.csproj", "{A94A56E8-360A-49D9-89BA-A3725C4EA3E9}"
EndProject
Project("{FAE04EC0-301F-11D3-BF4B-00C04F79EFBC}") = "PirateSpeak.Test", "PirateSpeak.Test\PirateSpeak.Test.csproj", "{53947EE4-B7F7-46B4-A6E5-0E2EF6AB819E}"
EndProject
Global
	GlobalSection(SolutionConfigurationPlatforms) = preSolution
		Debug|Any CPU = Debug|Any CPU
		Release|Any CPU = Release|Any CPU
	EndGlobalSection
	GlobalSection(ProjectConfigurationPlatforms) = postSolution
		{A94A56E8-360A-49D9-89BA-A3725C4EA3E9}.Debug|Any CPU.ActiveCfg = Debug|Any CPU
		{A94A56E8-360A-49D9-89BA-A3725C4EA3E9}.Debug|Any CPU.Build.0 = Debug|Any CPU
		{A94A56E8-360A-49D9-89BA-A3725C4EA3E9}.Release|Any CPU.ActiveCfg = Release|Any CPU
		{A94A56E8-360A-49D9-89BA-A3725C4EA3E9}.Release|Any CPU.Build.0 = Release|Any CPU
		{53947EE4-B7F7-46B4-A6E5-0E2EF6AB819E}.Debug|Any CPU.ActiveCfg = Debug|Any CPU
		{53947EE4-B7F7-46B4-A6E5-0E2EF6AB819E}.Debug|Any CPU.Build.0 = Debug|Any CPU
		{53947EE4-B7F7-46B4-A6E5-0E2EF6AB819E}.Release|Any CPU.ActiveCfg = Release|Any CPU
		{53947EE4-B7F7-46B4-A6E5-0E2EF6AB819E}.Release|Any CPU.Build.0 = Release|Any CPU
	EndGlobalSection
	GlobalSection(SolutionProperties) = preSolution
		HideSolutionNode = FALSE
	EndGlobalSection
	GlobalSection(ExtensibilityGlobals) = postSolution
		SolutionGuid = {133D8C47-6F8E-4C7E-9A87-4F022E758F92}
	EndGlobalSection
EndGlobal
